{
  "requires": true,
  "lockfileVersion": 1,
  "dependencies": {
    "@babel/runtime": {
      "version": "7.18.3",
      "resolved": "https://registry.npmjs.org/@babel/runtime/-/runtime-7.18.3.tgz",
      "integrity": "sha512-38Y8f7YUhce/K7RMwTp7m0uCumpv9hZkitCbBClqQIow1qSbCvGkcegKOXpEWCQLfWmevgRiWokZ1GkpfhbZug==",
      "requires": {
        "regenerator-runtime": "^0.13.4"
      }
    },
    "@gfx/zopfli": {
      "version": "1.0.15",
      "resolved": "https://registry.npmjs.org/@gfx/zopfli/-/zopfli-1.0.15.tgz",
      "integrity": "sha512-7mBgpi7UD82fsff5ThQKet0uBTl4BYerQuc+/qA1ELTwWEiIedRTcD3JgiUu9wwZ2kytW8JOb165rSdAt8PfcQ==",
      "requires": {
        "base64-js": "^1.3.0"
      }
    },
    "@types/node": {
      "version": "8.10.66",
      "resolved": "https://registry.npmjs.org/@types/node/-/node-8.10.66.tgz",
      "integrity": "sha512-tktOkFUA4kXx2hhhrB8bIFb5TbwzS4uOhKEmwiD+NoiL0qtP2OQ9mFldbgD4dV1djrlBYP6eBuQZiWjuHUpqFw=="
    },
    "@types/text-encoding": {
      "version": "0.0.32",
      "resolved": "https://registry.npmjs.org/@types/text-encoding/-/text-encoding-0.0.32.tgz",
      "integrity": "sha512-kQ79aFmYcD/DR3QKo6wXyvNrKi7PunY0KYTBUhHjHl0SXwWuLRl9Leh73YtnsSJMBi9qSiK+fxWhdJNQPbhc9A=="
    },
    "@types/webassembly-js-api": {
      "version": "0.0.1",
      "resolved": "https://registry.npmjs.org/@types/webassembly-js-api/-/webassembly-js-api-0.0.1.tgz",
      "integrity": "sha512-QPUg0o1GcGl035Z+lhje3uMapJh4/MqYQPLo/5wB4XwJbRQXkYMPVlDWZwFxy3CatnBIzaK7eFHpRn7tS83xzg=="
    },
    "base64-js": {
      "version": "1.5.1",
      "resolved": "https://registry.npmjs.org/base64-js/-/base64-js-1.5.1.tgz",
      "integrity": "sha512-AKpaYlHn8t4SVbOHCy+b5+KKgvR4vrsD8vbvrbiQJps7fKDTkjkDry6ji0rUJjC0kzbNePLwzxq8iypo41qeWA=="
    },
    "esm": {
      "version": "3.2.25",
      "resolved": "https://registry.npmjs.org/esm/-/esm-3.2.25.tgz",
      "integrity": "sha512-U1suiZ2oDVWv4zPO56S0NcR5QriEahGtdN2OR6FiOG4WJvcjBVFB0qI4+eKoWFH483PKGuLuu6V8Z4T5g63UVA=="
    },
    "kaffeerost": {
      "version": "0.0.1",
      "resolved": "https://registry.npmjs.org/kaffeerost/-/kaffeerost-0.0.1.tgz",
      "integrity": "sha512-a2gT79ojaioNQlo/NYHVbQml5XQLUcy+377qw/N0Ga6xTI5MPbaNoufUgvV/95zUMLfgsxI9VweESaESQqCUgA==",
      "requires": {
        "@types/node": "^8.0.53",
        "@types/text-encoding": "0.0.32",
        "@types/webassembly-js-api": "0.0.1",
        "text-encoding": "^0.6.4"
      }
    },
    "regenerator-runtime": {
      "version": "0.13.9",
      "resolved": "https://registry.npmjs.org/regenerator-runtime/-/regenerator-runtime-0.13.9.tgz",
      "integrity": "sha512-p3VT+cOEgxFsRRA9X4lkI1E+k2/CtnKtU4gcxyaCUreilL/vqI6CdZ3wxVUx3UOUg+gnUOQQcRI7BmSI656MYA=="
    },
    "roadroller": {
      "version": "2.1.0",
      "resolved": "https://registry.npmjs.org/roadroller/-/roadroller-2.1.0.tgz",
      "integrity": "sha512-4YfrQgMWC9w5SGvA6xfu9JGktOqEu2pwf4UrTu8ggf9wEv+hI7aTPMBRKWsTIvjhP4txX6eq954j3MONfOKAKQ==",
      "requires": {
        "esm": "^3.2.25"
      }
    },
    "text-encoding": {
      "version": "0.6.4",
      "resolved": "https://registry.npmjs.org/text-encoding/-/text-encoding-0.6.4.tgz",
      "integrity": "sha512-hJnc6Qg3dWoOMkqP53F0dzRIgtmsAge09kxUIqGrEUS4qr5rWLckGYaQAVr+opBrIMRErGgy6f5aPnyPpyGRfg=="
    },
    "wasm-zopfli": {
      "version": "1.0.2",
      "resolved": "https://registry.npmjs.org/wasm-zopfli/-/wasm-zopfli-1.0.2.tgz",
      "integrity": "sha512-MId309CgOarebGblNuTJX65K75mmDdizZbqPlfoemSPvH05UTQ5ig+aFm3MKUBYZ/oYFuGIGxrdVC6qRECK3DA==",
      "requires": {
        "@babel/runtime": "^7.0.0-beta.35",
        "kaffeerost": "0.0.1"
      }
    }
  }
}
